// !$*UTF8*$!
{
	archiveVersion = 1;
	classes = {
	};
	objectVersion = 46;
	objects = {

/* Begin PBXBuildFile section */
		56E2DD4BD50F0B3BEA74EADE /* Pods_OneThreeFive.framework in Frameworks */ = {isa = PBXBuildFile; fileRef = 3FD2C9958193B7C8E56114C2 /* Pods_OneThreeFive.framework */; };
		5A28D0891F183D8C0067AD01 /* AppDelegate.swift in Sources */ = {isa = PBXBuildFile; fileRef = 5A28D0881F183D8C0067AD01 /* AppDelegate.swift */; };
		5A28D08E1F183D8C0067AD01 /* Main.storyboard in Resources */ = {isa = PBXBuildFile; fileRef = 5A28D08C1F183D8C0067AD01 /* Main.storyboard */; };
		5A28D0901F183D8C0067AD01 /* Assets.xcassets in Resources */ = {isa = PBXBuildFile; fileRef = 5A28D08F1F183D8C0067AD01 /* Assets.xcassets */; };
		5A28D0931F183D8C0067AD01 /* LaunchScreen.storyboard in Resources */ = {isa = PBXBuildFile; fileRef = 5A28D0911F183D8C0067AD01 /* LaunchScreen.storyboard */; };
		5A28D09D1F183EFD0067AD01 /* MainViewController.swift in Sources */ = {isa = PBXBuildFile; fileRef = 5A28D09C1F183EFD0067AD01 /* MainViewController.swift */; };
		5A28D09F1F183F0B0067AD01 /* ArticleViewController.swift in Sources */ = {isa = PBXBuildFile; fileRef = 5A28D09E1F183F0B0067AD01 /* ArticleViewController.swift */; };
/* End PBXBuildFile section */

/* Begin PBXFileReference section */
		3FD2C9958193B7C8E56114C2 /* Pods_OneThreeFive.framework */ = {isa = PBXFileReference; explicitFileType = wrapper.framework; includeInIndex = 0; path = Pods_OneThreeFive.framework; sourceTree = BUILT_PRODUCTS_DIR; };
		5A28D0851F183D8C0067AD01 /* OneThreeFive.app */ = {isa = PBXFileReference; explicitFileType = wrapper.application; includeInIndex = 0; path = OneThreeFive.app; sourceTree = BUILT_PRODUCTS_DIR; };
		5A28D0881F183D8C0067AD01 /* AppDelegate.swift */ = {isa = PBXFileReference; lastKnownFileType = sourcecode.swift; path = AppDelegate.swift; sourceTree = "<group>"; };
		5A28D08D1F183D8C0067AD01 /* Base */ = {isa = PBXFileReference; lastKnownFileType = file.storyboard; name = Base; path = Base.lproj/Main.storyboard; sourceTree = "<group>"; };
		5A28D08F1F183D8C0067AD01 /* Assets.xcassets */ = {isa = PBXFileReference; lastKnownFileType = folder.assetcatalog; path = Assets.xcassets; sourceTree = "<group>"; };
		5A28D0921F183D8C0067AD01 /* Base */ = {isa = PBXFileReference; lastKnownFileType = file.storyboard; name = Base; path = Base.lproj/LaunchScreen.storyboard; sourceTree = "<group>"; };
		5A28D0941F183D8C0067AD01 /* Info.plist */ = {isa = PBXFileReference; lastKnownFileType = text.plist.xml; path = Info.plist; sourceTree = "<group>"; };
		5A28D09C1F183EFD0067AD01 /* MainViewController.swift */ = {isa = PBXFileReference; fileEncoding = 4; lastKnownFileType = sourcecode.swift; path = MainViewController.swift; sourceTree = "<group>"; };
		5A28D09E1F183F0B0067AD01 /* ArticleViewController.swift */ = {isa = PBXFileReference; fileEncoding = 4; lastKnownFileType = sourcecode.swift; path = ArticleViewController.swift; sourceTree = "<group>"; };
		74FB3A5DE2CA9A5FDC0DBACF /* Pods-OneThreeFive.release.xcconfig */ = {isa = PBXFileReference; includeInIndex = 1; lastKnownFileType = text.xcconfig; name = "Pods-OneThreeFive.release.xcconfig"; path = "Pods/Target Support Files/Pods-OneThreeFive/Pods-OneThreeFive.release.xcconfig"; sourceTree = "<group>"; };
		FFEF31463D98C9B024105205 /* Pods-OneThreeFive.debug.xcconfig */ = {isa = PBXFileReference; includeInIndex = 1; lastKnownFileType = text.xcconfig; name = "Pods-OneThreeFive.debug.xcconfig"; path = "Pods/Target Support Files/Pods-OneThreeFive/Pods-OneThreeFive.debug.xcconfig"; sourceTree = "<group>"; };
/* End PBXFileReference section */

/* Begin PBXFrameworksBuildPhase section */
		5A28D0821F183D8C0067AD01 /* Frameworks */ = {
			isa = PBXFrameworksBuildPhase;
			buildActionMask = 2147483647;
			files = (
				56E2DD4BD50F0B3BEA74EADE /* Pods_OneThreeFive.framework in Frameworks */,
			);
			runOnlyForDeploymentPostprocessing = 0;
		};
/* End PBXFrameworksBuildPhase section */

/* Begin PBXGroup section */
		0AA183895A10D6925B2151C4 /* Frameworks */ = {
			isa = PBXGroup;
			children = (
				3FD2C9958193B7C8E56114C2 /* Pods_OneThreeFive.framework */,
			);
			name = Frameworks;
			sourceTree = "<group>";
		};
		5A28D07C1F183D8C0067AD01 = {
			isa = PBXGroup;
			children = (
				5A28D0871F183D8C0067AD01 /* OneThreeFive */,
				5A28D0861F183D8C0067AD01 /* Products */,
				D9977694F3F8DE362804204E /* Pods */,
				0AA183895A10D6925B2151C4 /* Frameworks */,
			);
			sourceTree = "<group>";
		};
		5A28D0861F183D8C0067AD01 /* Products */ = {
			isa = PBXGroup;
			children = (
				5A28D0851F183D8C0067AD01 /* OneThreeFive.app */,
			);
			name = Products;
			sourceTree = "<group>";
		};
		5A28D0871F183D8C0067AD01 /* OneThreeFive */ = {
			isa = PBXGroup;
			children = (
				5A28D0881F183D8C0067AD01 /* AppDelegate.swift */,
				5A28D08C1F183D8C0067AD01 /* Main.storyboard */,
				5A28D08F1F183D8C0067AD01 /* Assets.xcassets */,
				5A28D0911F183D8C0067AD01 /* LaunchScreen.storyboard */,
				5A28D0941F183D8C0067AD01 /* Info.plist */,
				5A28D09C1F183EFD0067AD01 /* MainViewController.swift */,
				5A28D09E1F183F0B0067AD01 /* ArticleViewController.swift */,
			);
			path = OneThreeFive;
			sourceTree = "<group>";
		};
		D9977694F3F8DE362804204E /* Pods */ = {
			isa = PBXGroup;
			children = (
				FFEF31463D98C9B024105205 /* Pods-OneThreeFive.debug.xcconfig */,
				74FB3A5DE2CA9A5FDC0DBACF /* Pods-OneThreeFive.release.xcconfig */,
			);
			name = Pods;
			sourceTree = "<group>";
		};
/* End PBXGroup section */

/* Begin PBXNativeTarget section */
		5A28D0841F183D8C0067AD01 /* OneThreeFive */ = {
			isa = PBXNativeTarget;
			buildConfigurationList = 5A28D0971F183D8C0067AD01 /* Build configuration list for PBXNativeTarget "OneThreeFive" */;
			buildPhases = (
				00B4517414F27191463A00A0 /* [CP] Check Pods Manifest.lock */,
				5A28D0811F183D8C0067AD01 /* Sources */,
				5A28D0821F183D8C0067AD01 /* Frameworks */,
				5A28D0831F183D8C0067AD01 /* Resources */,
				4FB2D6FCA605B0195E24DD56 /* [CP] Embed Pods Frameworks */,
				10F2EBFD4BD1DF4FD07064F4 /* [CP] Copy Pods Resources */,
			);
			buildRules = (
			);
			dependencies = (
			);
			name = OneThreeFive;
			productName = OneThreeFive;
			productReference = 5A28D0851F183D8C0067AD01 /* OneThreeFive.app */;
			productType = "com.apple.product-type.application";
		};
/* End PBXNativeTarget section */

/* Begin PBXProject section */
		5A28D07D1F183D8C0067AD01 /* Project object */ = {
			isa = PBXProject;
			attributes = {
				LastSwiftUpdateCheck = 0830;
				LastUpgradeCheck = 0830;
				ORGANIZATIONNAME = "Christopher Aziz";
				TargetAttributes = {
					5A28D0841F183D8C0067AD01 = {
						CreatedOnToolsVersion = 8.3.3;
						DevelopmentTeam = M96W5MC8C2;
						ProvisioningStyle = Automatic;
					};
				};
			};
			buildConfigurationList = 5A28D0801F183D8C0067AD01 /* Build configuration list for PBXProject "OneThreeFive" */;
			compatibilityVersion = "Xcode 3.2";
			developmentRegion = English;
			hasScannedForEncodings = 0;
			knownRegions = (
				en,
				Base,
			);
			mainGroup = 5A28D07C1F183D8C0067AD01;
			productRefGroup = 5A28D0861F183D8C0067AD01 /* Products */;
			projectDirPath = "";
			projectRoot = "";
			targets = (
				5A28D0841F183D8C0067AD01 /* OneThreeFive */,
			);
		};
/* End PBXProject section */

/* Begin PBXResourcesBuildPhase section */
		5A28D0831F183D8C0067AD01 /* Resources */ = {
			isa = PBXResourcesBuildPhase;
			buildActionMask = 2147483647;
			files = (
				5A28D0931F183D8C0067AD01 /* LaunchScreen.storyboard in Resources */,
				5A28D0901F183D8C0067AD01 /* Assets.xcassets in Resources */,
				5A28D08E1F183D8C0067AD01 /* Main.storyboard in Resources */,
			);
			runOnlyForDeploymentPostprocessing = 0;
		};
/* End PBXResourcesBuildPhase section */

/* Begin PBXShellScriptBuildPhase section */
		00B4517414F27191463A00A0 /* [CP] Check Pods Manifest.lock */ = {
			isa = PBXShellScriptBuildPhase;
			buildActionMask = 2147483647;
			files = (
			);
			inputPaths = (
			);
			name = "[CP] Check Pods Manifest.lock";
			outputPaths = (
			);
			runOnlyForDeploymentPostprocessing = 0;
			shellPath = /bin/sh;
			shellScript = "diff \"${PODS_PODFILE_DIR_PATH}/Podfile.lock\" \"${PODS_ROOT}/Manifest.lock\" > /dev/null\nif [ $? != 0 ] ; then\n    # print error to STDERR\n    echo \"error: The sandbox is not in sync with the Podfile.lock. Run 'pod install' or update your CocoaPods installation.\" >&2\n    exit 1\nfi\n";
			showEnvVarsInLog = 0;
		};
		10F2EBFD4BD1DF4FD07064F4 /* [CP] Copy Pods Resources */ = {
			isa = PBXShellScriptBuildPhase;
			buildActionMask = 2147483647;
			files = (
			);
			inputPaths = (
			);
			name = "[CP] Copy Pods Resources";
			outputPaths = (
			);
			runOnlyForDeploymentPostprocessing = 0;
			shellPath = /bin/sh;
			shellScript = "\"${SRCROOT}/Pods/Target Support Files/Pods-OneThreeFive/Pods-OneThreeFive-resources.sh\"\n";
			showEnvVarsInLog = 0;
		};
		4FB2D6FCA605B0195E24DD56 /* [CP] Embed Pods Frameworks */ = {
			isa = PBXShellScriptBuildPhase;
			buildActionMask = 2147483647;
			files = (
			);
			inputPaths = (
			);
			name = "[CP] Embed Pods Frameworks";
			outputPaths = (
			);
			runOnlyForDeploymentPostprocessing = 0;
			shellPath = /bin/sh;
			shellScript = "\"${SRCROOT}/Pods/Target Support Files/Pods-OneThreeFive/Pods-OneThreeFive-frameworks.sh\"\n";
			showEnvVarsInLog = 0;
		};
/* End PBXShellScriptBuildPhase section */

/* Begin PBXSourcesBuildPhase section */
		5A28D0811F183D8C0067AD01 /* Sources */ = {
			isa = PBXSourcesBuildPhase;
			buildActionMask = 2147483647;
			files = (
				5A28D0891F183D8C0067AD01 /* AppDelegate.swift in Sources */,
				5A28D09F1F183F0B0067AD01 /* ArticleViewController.swift in Sources */,
				5A28D09D1F183EFD0067AD01 /* MainViewController.swift in Sources */,
			);
			runOnlyForDeploymentPostprocessing = 0;
		};
/* End PBXSourcesBuildPhase section */

/* Begin PBXVariantGroup section */
		5A28D08C1F183D8C0067AD01 /* Main.storyboard */ = {
			isa = PBXVariantGroup;
			children = (
				5A28D08D1F183D8C0067AD01 /* Base */,
			);
			name = Main.storyboard;
			sourceTree = "<group>";
		};
		5A28D0911F183D8C0067AD01 /* LaunchScreen.storyboard */ = {
			isa = PBXVariantGroup;
			children = (
				5A28D0921F183D8C0067AD01 /* Base */,
			);
			name = LaunchScreen.storyboard;
			sourceTree = "<group>";
		};
/* End PBXVariantGroup section */

/* Begin XCBuildConfiguration section */
		5A28D0951F183D8C0067AD01 /* Debug */ = {
			isa = XCBuildConfiguration;
			buildSettings = {
				ALWAYS_SEARCH_USER_PATHS = NO;
				CLANG_ANALYZER_NONNULL = YES;
				CLANG_ANALYZER_NUMBER_OBJECT_CONVERSION = YES_AGGRESSIVE;
				CLANG_CXX_LANGUAGE_STANDARD = "gnu++0x";
				CLANG_CXX_LIBRARY = "libc++";
				CLANG_ENABLE_MODULES = YES;
				CLANG_ENABLE_OBJC_ARC = YES;
				CLANG_WARN_BOOL_CONVERSION = YES;
				CLANG_WARN_CONSTANT_CONVERSION = YES;
				CLANG_WARN_DIRECT_OBJC_ISA_USAGE = YES_ERROR;
				CLANG_WARN_DOCUMENTATION_COMMENTS = YES;
				CLANG_WARN_EMPTY_BODY = YES;
				CLANG_WARN_ENUM_CONVERSION = YES;
				CLANG_WARN_INFINITE_RECURSION = YES;
				CLANG_WARN_INT_CONVERSION = YES;
				CLANG_WARN_OBJC_ROOT_CLASS = YES_ERROR;
				CLANG_WARN_SUSPICIOUS_MOVE = YES;
				CLANG_WARN_UNREACHABLE_CODE = YES;
				CLANG_WARN__DUPLICATE_METHOD_MATCH = YES;
				"CODE_SIGN_IDENTITY[sdk=iphoneos*]" = "iPhone Developer";
				COPY_PHASE_STRIP = NO;
				DEBUG_INFORMATION_FORMAT = dwarf;
				ENABLE_STRICT_OBJC_MSGSEND = YES;
				ENABLE_TESTABILITY = YES;
				GCC_C_LANGUAGE_STANDARD = gnu99;
				GCC_DYNAMIC_NO_PIC = NO;
				GCC_NO_COMMON_BLOCKS = YES;
				GCC_OPTIMIZATION_LEVEL = 0;
				GCC_PREPROCESSOR_DEFINITIONS = (
					"DEBUG=1",
					"$(inherited)",
				);
				GCC_WARN_64_TO_32_BIT_CONVERSION = YES;
				GCC_WARN_ABOUT_RETURN_TYPE = YES_ERROR;
				GCC_WARN_UNDECLARED_SELECTOR = YES;
				GCC_WARN_UNINITIALIZED_AUTOS = YES_AGGRESSIVE;
				GCC_WARN_UNUSED_FUNCTION = YES;
				GCC_WARN_UNUSED_VARIABLE = YES;
				IPHONEOS_DEPLOYMENT_TARGET = 10.3;
				MTL_ENABLE_DEBUG_INFO = YES;
				ONLY_ACTIVE_ARCH = YES;
				SDKROOT = iphoneos;
				SWIFT_ACTIVE_COMPILATION_CONDITIONS = DEBUG;
				SWIFT_OPTIMIZATION_LEVEL = "-Onone";
			};
			name = Debug;
		};
		5A28D0961F183D8C0067AD01 /* Release */ = {
			isa = XCBuildConfiguration;
			buildSettings = {
				ALWAYS_SEARCH_USER_PATHS = NO;
				CLANG_ANALYZER_NONNULL = YES;
				CLANG_ANALYZER_NUMBER_OBJECT_CONVERSION = YES_AGGRESSIVE;
				CLANG_CXX_LANGUAGE_STANDARD = "gnu++0x";
				CLANG_CXX_LIBRARY = "libc++";
				CLANG_ENABLE_MODULES = YES;
				CLANG_ENABLE_OBJC_ARC = YES;
				CLANG_WARN_BOOL_CONVERSION = YES;
				CLANG_WARN_CONSTANT_CONVERSION = YES;
				CLANG_WARN_DIRECT_OBJC_ISA_USAGE = YES_ERROR;
				CLANG_WARN_DOCUMENTATION_COMMENTS = YES;
				CLANG_WARN_EMPTY_BODY = YES;
				CLANG_WARN_ENUM_CONVERSION = YES;
				CLANG_WARN_INFINITE_RECURSION = YES;
				CLANG_WARN_INT_CONVERSION = YES;
				CLANG_WARN_OBJC_ROOT_CLASS = YES_ERROR;
				CLANG_WARN_SUSPICIOUS_MOVE = YES;
				CLANG_WARN_UNREACHABLE_CODE = YES;
				CLANG_WARN__DUPLICATE_METHOD_MATCH = YES;
				"CODE_SIGN_IDENTITY[sdk=iphoneos*]" = "iPhone Developer";
				COPY_PHASE_STRIP = NO;
				DEBUG_INFORMATION_FORMAT = "dwarf-with-dsym";
				ENABLE_NS_ASSERTIONS = NO;
				ENABLE_STRICT_OBJC_MSGSEND = YES;
				GCC_C_LANGUAGE_STANDARD = gnu99;
				GCC_NO_COMMON_BLOCKS = YES;
				GCC_WARN_64_TO_32_BIT_CONVERSION = YES;
				GCC_WARN_ABOUT_RETURN_TYPE = YES_ERROR;
				GCC_WARN_UNDECLARED_SELECTOR = YES;
				GCC_WARN_UNINITIALIZED_AUTOS = YES_AGGRESSIVE;
				GCC_WARN_UNUSED_FUNCTION = YES;
				GCC_WARN_UNUSED_VARIABLE = YES;
				IPHONEOS_DEPLOYMENT_TARGET = 10.3;
				MTL_ENABLE_DEBUG_INFO = NO;
				SDKROOT = iphoneos;
				SWIFT_OPTIMIZATION_LEVEL = "-Owholemodule";
				VALIDATE_PRODUCT = YES;
			};
			name = Release;
		};
		5A28D0981F183D8C0067AD01 /* Debug */ = {
			isa = XCBuildConfiguration;
			baseConfigurationReference = FFEF31463D98C9B024105205 /* Pods-OneThreeFive.debug.xcconfig */;
			buildSettings = {
				ASSETCATALOG_COMPILER_APPICON_NAME = AppIcon;
				DEVELOPMENT_TEAM = M96W5MC8C2;
				INFOPLIST_FILE = OneThreeFive/Info.plist;
				LD_RUNPATH_SEARCH_PATHS = "$(inherited) @executable_path/Frameworks";
				PRODUCT_BUNDLE_IDENTIFIER = me.caziz.OneThreeFive;
				PRODUCT_NAME = "$(TARGET_NAME)";
				SWIFT_VERSION = 3.0;
			};
			name = Debug;
		};
		5A28D0991F183D8C0067AD01 /* Release */ = {
			isa = XCBuildConfiguration;
			baseConfigurationReference = 74FB3A5DE2CA9A5FDC0DBACF /* Pods-OneThreeFive.release.xcconfig */;
			buildSettings = {
				ASSETCATALOG_COMPILER_APPICON_NAME = AppIcon;
				DEVELOPMENT_TEAM = M96W5MC8C2;
				INFOPLIST_FILE = OneThreeFive/Info.plist;
				LD_RUNPATH_SEARCH_PATHS = "$(inherited) @executable_path/Frameworks";
				PRODUCT_BUNDLE_IDENTIFIER = me.caziz.OneThreeFive;
				PRODUCT_NAME = "$(TARGET_NAME)";
				SWIFT_VERSION = 3.0;
			};
			name = Release;
		};
/* End XCBuildConfiguration section */

/* Begin XCConfigurationList section */
		5A28D0801F183D8C0067AD01 /* Build configuration list for PBXProject "OneThreeFive" */ = {
			isa = XCConfigurationList;
			buildConfigurations = (
				5A28D0951F183D8C0067AD01 /* Debug */,
				5A28D0961F183D8C0067AD01 /* Release */,
			);
			defaultConfigurationIsVisible = 0;
			defaultConfigurationName = Release;
		};
		5A28D0971F183D8C0067AD01 /* Build configuration list for PBXNativeTarget "OneThreeFive" */ = {
			isa = XCConfigurationList;
			buildConfigurations = (
				5A28D0981F183D8C0067AD01 /* Debug */,
				5A28D0991F183D8C0067AD01 /* Release */,
			);
			defaultConfigurationIsVisible = 0;
			defaultConfigurationName = Release;
		};
/* End XCConfigurationList section */
	};
	rootObject = 5A28D07D1F183D8C0067AD01 /* Project object */;
}
