// !$*UTF8*$!
{
	archiveVersion = 1;
	classes = {
	};
	objectVersion = 46;
	objects = {

/* Begin PBXBuildFile section */
		56E2DD4BD50F0B3BEA74EADE /* Pods_OneThreeFive.framework in Frameworks */ = {isa = PBXBuildFile; fileRef = 3FD2C9958193B7C8E56114C2 /* Pods_OneThreeFive.framework */; };
		5A0621F81F327D41003FBE4A /* AnimatedSearchBar.swift in Sources */ = {isa = PBXBuildFile; fileRef = 5A0621F71F327D41003FBE4A /* AnimatedSearchBar.swift */; };
		5A0621FC1F34E07E003FBE4A /* NavigationBar.swift in Sources */ = {isa = PBXBuildFile; fileRef = 5A0621FB1F34E07E003FBE4A /* NavigationBar.swift */; };
		5A0EB9B51F2FD799007F7B39 /* ViewedViewController.swift in Sources */ = {isa = PBXBuildFile; fileRef = 5A0EB9B41F2FD799007F7B39 /* ViewedViewController.swift */; };
		5A0EB9B71F2FDB41007F7B39 /* ViewedArticleCell.swift in Sources */ = {isa = PBXBuildFile; fileRef = 5A0EB9B61F2FDB41007F7B39 /* ViewedArticleCell.swift */; };
		5A1F155A1F1EDD9300583B67 /* FavoritedArticleCell.swift in Sources */ = {isa = PBXBuildFile; fileRef = 5A1F15591F1EDD9300583B67 /* FavoritedArticleCell.swift */; };
		5A28D0891F183D8C0067AD01 /* AppDelegate.swift in Sources */ = {isa = PBXBuildFile; fileRef = 5A28D0881F183D8C0067AD01 /* AppDelegate.swift */; };
		5A28D08E1F183D8C0067AD01 /* Main.storyboard in Resources */ = {isa = PBXBuildFile; fileRef = 5A28D08C1F183D8C0067AD01 /* Main.storyboard */; };
		5A28D0931F183D8C0067AD01 /* LaunchScreen.storyboard in Resources */ = {isa = PBXBuildFile; fileRef = 5A28D0911F183D8C0067AD01 /* LaunchScreen.storyboard */; };
		5A28D09D1F183EFD0067AD01 /* MainViewController.swift in Sources */ = {isa = PBXBuildFile; fileRef = 5A28D09C1F183EFD0067AD01 /* MainViewController.swift */; };
		5A28D09F1F183F0B0067AD01 /* ArticleViewController.swift in Sources */ = {isa = PBXBuildFile; fileRef = 5A28D09E1F183F0B0067AD01 /* ArticleViewController.swift */; };
		5A28D0A11F1927AE0067AD01 /* Constants.swift in Sources */ = {isa = PBXBuildFile; fileRef = 5A28D0A01F1927AE0067AD01 /* Constants.swift */; };
		5A28D0A31F192FD00067AD01 /* GoogleService-Info.plist in Resources */ = {isa = PBXBuildFile; fileRef = 5A28D0A21F192FD00067AD01 /* GoogleService-Info.plist */; };
		5A28D0A71F193DA40067AD01 /* SettingsViewController.swift in Sources */ = {isa = PBXBuildFile; fileRef = 5A28D0A61F193DA40067AD01 /* SettingsViewController.swift */; };
		5A28D0A91F193E800067AD01 /* NewsToggleCell.swift in Sources */ = {isa = PBXBuildFile; fileRef = 5A28D0A81F193E800067AD01 /* NewsToggleCell.swift */; };
		5A3553191F1D1CE700B32850 /* FavoritesViewController.swift in Sources */ = {isa = PBXBuildFile; fileRef = 5A3553181F1D1CE700B32850 /* FavoritesViewController.swift */; };
		5A477E561F38D7A00006622A /* TabController.swift in Sources */ = {isa = PBXBuildFile; fileRef = 5A477E551F38D7A00006622A /* TabController.swift */; };
		5A48C16A1F2147990056533B /* ReadabilityService.swift in Sources */ = {isa = PBXBuildFile; fileRef = 5A48C1691F2147990056533B /* ReadabilityService.swift */; };
		5A4F91C81F2A542D00AACB65 /* ImageService.swift in Sources */ = {isa = PBXBuildFile; fileRef = 5A4F91C71F2A542D00AACB65 /* ImageService.swift */; };
		5A9618581F3CE20500C6E805 /* ErrorMessage.swift in Sources */ = {isa = PBXBuildFile; fileRef = 5A9618571F3CE20500C6E805 /* ErrorMessage.swift */; };
		5AAF5CEF1F1943B200E96D65 /* CoreData.framework in Frameworks */ = {isa = PBXBuildFile; fileRef = 5AAF5CEE1F1943B200E96D65 /* CoreData.framework */; };
		5AAF5CF61F19455500E96D65 /* OneThreeFive.xcdatamodeld in Sources */ = {isa = PBXBuildFile; fileRef = 5AAF5CF41F19455500E96D65 /* OneThreeFive.xcdatamodeld */; };
		5AAF5CF81F19467E00E96D65 /* CoreDataHelper.swift in Sources */ = {isa = PBXBuildFile; fileRef = 5AAF5CF71F19467E00E96D65 /* CoreDataHelper.swift */; };
		5AB837BC1F324364009759C1 /* LoadingIndicator.swift in Sources */ = {isa = PBXBuildFile; fileRef = 5AB837BB1F324364009759C1 /* LoadingIndicator.swift */; };
		5AC4670F1F1EB3C800A3F5A1 /* Assets.xcassets in Resources */ = {isa = PBXBuildFile; fileRef = 5AC4670E1F1EB3C800A3F5A1 /* Assets.xcassets */; };
		5ACA6D281F26A2C600DCB2F1 /* ArticleService.swift in Sources */ = {isa = PBXBuildFile; fileRef = 5ACA6D271F26A2C600DCB2F1 /* ArticleService.swift */; };
		5AE71B181F1AFF3E00596CEE /* NewsSourceService.swift in Sources */ = {isa = PBXBuildFile; fileRef = 5AE71B171F1AFF3E00596CEE /* NewsSourceService.swift */; };
/* End PBXBuildFile section */

/* Begin PBXFileReference section */
		3FD2C9958193B7C8E56114C2 /* Pods_OneThreeFive.framework */ = {isa = PBXFileReference; explicitFileType = wrapper.framework; includeInIndex = 0; path = Pods_OneThreeFive.framework; sourceTree = BUILT_PRODUCTS_DIR; };
		5A0621F71F327D41003FBE4A /* AnimatedSearchBar.swift */ = {isa = PBXFileReference; fileEncoding = 4; lastKnownFileType = sourcecode.swift; path = AnimatedSearchBar.swift; sourceTree = "<group>"; };
		5A0621FB1F34E07E003FBE4A /* NavigationBar.swift */ = {isa = PBXFileReference; fileEncoding = 4; lastKnownFileType = sourcecode.swift; path = NavigationBar.swift; sourceTree = "<group>"; };
		5A0EB9B41F2FD799007F7B39 /* ViewedViewController.swift */ = {isa = PBXFileReference; fileEncoding = 4; lastKnownFileType = sourcecode.swift; path = ViewedViewController.swift; sourceTree = "<group>"; };
		5A0EB9B61F2FDB41007F7B39 /* ViewedArticleCell.swift */ = {isa = PBXFileReference; fileEncoding = 4; lastKnownFileType = sourcecode.swift; path = ViewedArticleCell.swift; sourceTree = "<group>"; };
		5A1F15591F1EDD9300583B67 /* FavoritedArticleCell.swift */ = {isa = PBXFileReference; fileEncoding = 4; lastKnownFileType = sourcecode.swift; path = FavoritedArticleCell.swift; sourceTree = "<group>"; };
		5A28D0851F183D8C0067AD01 /* OneThreeFive.app */ = {isa = PBXFileReference; explicitFileType = wrapper.application; includeInIndex = 0; path = OneThreeFive.app; sourceTree = BUILT_PRODUCTS_DIR; };
		5A28D0881F183D8C0067AD01 /* AppDelegate.swift */ = {isa = PBXFileReference; lastKnownFileType = sourcecode.swift; path = AppDelegate.swift; sourceTree = "<group>"; };
		5A28D08D1F183D8C0067AD01 /* Base */ = {isa = PBXFileReference; lastKnownFileType = file.storyboard; name = Base; path = Base.lproj/Main.storyboard; sourceTree = "<group>"; };
		5A28D0921F183D8C0067AD01 /* Base */ = {isa = PBXFileReference; lastKnownFileType = file.storyboard; name = Base; path = Base.lproj/LaunchScreen.storyboard; sourceTree = "<group>"; };
		5A28D0941F183D8C0067AD01 /* Info.plist */ = {isa = PBXFileReference; lastKnownFileType = text.plist.xml; path = Info.plist; sourceTree = "<group>"; };
		5A28D09C1F183EFD0067AD01 /* MainViewController.swift */ = {isa = PBXFileReference; fileEncoding = 4; lastKnownFileType = sourcecode.swift; path = MainViewController.swift; sourceTree = "<group>"; };
		5A28D09E1F183F0B0067AD01 /* ArticleViewController.swift */ = {isa = PBXFileReference; fileEncoding = 4; lastKnownFileType = sourcecode.swift; path = ArticleViewController.swift; sourceTree = "<group>"; };
		5A28D0A01F1927AE0067AD01 /* Constants.swift */ = {isa = PBXFileReference; fileEncoding = 4; lastKnownFileType = sourcecode.swift; path = Constants.swift; sourceTree = "<group>"; };
		5A28D0A21F192FD00067AD01 /* GoogleService-Info.plist */ = {isa = PBXFileReference; fileEncoding = 4; lastKnownFileType = text.plist.xml; path = "GoogleService-Info.plist"; sourceTree = "<group>"; };
		5A28D0A61F193DA40067AD01 /* SettingsViewController.swift */ = {isa = PBXFileReference; fileEncoding = 4; lastKnownFileType = sourcecode.swift; path = SettingsViewController.swift; sourceTree = "<group>"; };
		5A28D0A81F193E800067AD01 /* NewsToggleCell.swift */ = {isa = PBXFileReference; fileEncoding = 4; lastKnownFileType = sourcecode.swift; path = NewsToggleCell.swift; sourceTree = "<group>"; };
		5A3553181F1D1CE700B32850 /* FavoritesViewController.swift */ = {isa = PBXFileReference; fileEncoding = 4; lastKnownFileType = sourcecode.swift; path = FavoritesViewController.swift; sourceTree = "<group>"; };
		5A477E551F38D7A00006622A /* TabController.swift */ = {isa = PBXFileReference; fileEncoding = 4; lastKnownFileType = sourcecode.swift; path = TabController.swift; sourceTree = "<group>"; };
		5A48C1691F2147990056533B /* ReadabilityService.swift */ = {isa = PBXFileReference; fileEncoding = 4; lastKnownFileType = sourcecode.swift; path = ReadabilityService.swift; sourceTree = "<group>"; };
		5A4F91C71F2A542D00AACB65 /* ImageService.swift */ = {isa = PBXFileReference; fileEncoding = 4; lastKnownFileType = sourcecode.swift; path = ImageService.swift; sourceTree = "<group>"; };
		5A9618571F3CE20500C6E805 /* ErrorMessage.swift */ = {isa = PBXFileReference; fileEncoding = 4; lastKnownFileType = sourcecode.swift; path = ErrorMessage.swift; sourceTree = "<group>"; };
		5AAF5CEE1F1943B200E96D65 /* CoreData.framework */ = {isa = PBXFileReference; lastKnownFileType = wrapper.framework; name = CoreData.framework; path = System/Library/Frameworks/CoreData.framework; sourceTree = SDKROOT; };
		5AAF5CF51F19455500E96D65 /* OneThreeFive.xcdatamodel */ = {isa = PBXFileReference; lastKnownFileType = wrapper.xcdatamodel; path = OneThreeFive.xcdatamodel; sourceTree = "<group>"; };
		5AAF5CF71F19467E00E96D65 /* CoreDataHelper.swift */ = {isa = PBXFileReference; fileEncoding = 4; lastKnownFileType = sourcecode.swift; path = CoreDataHelper.swift; sourceTree = "<group>"; };
		5AB837BB1F324364009759C1 /* LoadingIndicator.swift */ = {isa = PBXFileReference; fileEncoding = 4; lastKnownFileType = sourcecode.swift; path = LoadingIndicator.swift; sourceTree = "<group>"; };
		5AC4670E1F1EB3C800A3F5A1 /* Assets.xcassets */ = {isa = PBXFileReference; lastKnownFileType = folder.assetcatalog; path = Assets.xcassets; sourceTree = "<group>"; };
		5ACA6D271F26A2C600DCB2F1 /* ArticleService.swift */ = {isa = PBXFileReference; fileEncoding = 4; lastKnownFileType = sourcecode.swift; path = ArticleService.swift; sourceTree = "<group>"; };
		5AE71B171F1AFF3E00596CEE /* NewsSourceService.swift */ = {isa = PBXFileReference; fileEncoding = 4; lastKnownFileType = sourcecode.swift; path = NewsSourceService.swift; sourceTree = "<group>"; };
		74FB3A5DE2CA9A5FDC0DBACF /* Pods-OneThreeFive.release.xcconfig */ = {isa = PBXFileReference; includeInIndex = 1; lastKnownFileType = text.xcconfig; name = "Pods-OneThreeFive.release.xcconfig"; path = "Pods/Target Support Files/Pods-OneThreeFive/Pods-OneThreeFive.release.xcconfig"; sourceTree = "<group>"; };
		FFEF31463D98C9B024105205 /* Pods-OneThreeFive.debug.xcconfig */ = {isa = PBXFileReference; includeInIndex = 1; lastKnownFileType = text.xcconfig; name = "Pods-OneThreeFive.debug.xcconfig"; path = "Pods/Target Support Files/Pods-OneThreeFive/Pods-OneThreeFive.debug.xcconfig"; sourceTree = "<group>"; };
/* End PBXFileReference section */

/* Begin PBXFrameworksBuildPhase section */
		5A28D0821F183D8C0067AD01 /* Frameworks */ = {
			isa = PBXFrameworksBuildPhase;
			buildActionMask = 2147483647;
			files = (
				5AAF5CEF1F1943B200E96D65 /* CoreData.framework in Frameworks */,
				56E2DD4BD50F0B3BEA74EADE /* Pods_OneThreeFive.framework in Frameworks */,
			);
			runOnlyForDeploymentPostprocessing = 0;
		};
/* End PBXFrameworksBuildPhase section */

/* Begin PBXGroup section */
		0AA183895A10D6925B2151C4 /* Frameworks */ = {
			isa = PBXGroup;
			children = (
				5AAF5CEE1F1943B200E96D65 /* CoreData.framework */,
				3FD2C9958193B7C8E56114C2 /* Pods_OneThreeFive.framework */,
			);
			name = Frameworks;
			sourceTree = "<group>";
		};
		5A28D07C1F183D8C0067AD01 = {
			isa = PBXGroup;
			children = (
				5A28D0871F183D8C0067AD01 /* OneThreeFive */,
				5A28D0861F183D8C0067AD01 /* Products */,
				D9977694F3F8DE362804204E /* Pods */,
				0AA183895A10D6925B2151C4 /* Frameworks */,
			);
			sourceTree = "<group>";
		};
		5A28D0861F183D8C0067AD01 /* Products */ = {
			isa = PBXGroup;
			children = (
				5A28D0851F183D8C0067AD01 /* OneThreeFive.app */,
			);
			name = Products;
			sourceTree = "<group>";
		};
		5A28D0871F183D8C0067AD01 /* OneThreeFive */ = {
			isa = PBXGroup;
			children = (
				5A28D0881F183D8C0067AD01 /* AppDelegate.swift */,
				5A28D0A01F1927AE0067AD01 /* Constants.swift */,
				5A28D0A51F19306B0067AD01 /* View Controllers */,
				5A28D0AA1F193E850067AD01 /* Views */,
				5AE71B161F1AF4F600596CEE /* Services */,
				5A28D0A41F1930540067AD01 /* Storyboards */,
				5AAF5CF91F19468400E96D65 /* Helpers */,
				5A54BF151F1E7B59000DACA1 /* Extensions */,
				5AAF5CF41F19455500E96D65 /* OneThreeFive.xcdatamodeld */,
				5A28D0941F183D8C0067AD01 /* Info.plist */,
				5A28D0A21F192FD00067AD01 /* GoogleService-Info.plist */,
				5AC4670E1F1EB3C800A3F5A1 /* Assets.xcassets */,
			);
			path = OneThreeFive;
			sourceTree = "<group>";
		};
		5A28D0A41F1930540067AD01 /* Storyboards */ = {
			isa = PBXGroup;
			children = (
				5A28D08C1F183D8C0067AD01 /* Main.storyboard */,
				5A28D0911F183D8C0067AD01 /* LaunchScreen.storyboard */,
			);
			name = Storyboards;
			sourceTree = "<group>";
		};
		5A28D0A51F19306B0067AD01 /* View Controllers */ = {
			isa = PBXGroup;
			children = (
				5A28D09C1F183EFD0067AD01 /* MainViewController.swift */,
				5A28D09E1F183F0B0067AD01 /* ArticleViewController.swift */,
				5A0EB9B41F2FD799007F7B39 /* ViewedViewController.swift */,
				5A3553181F1D1CE700B32850 /* FavoritesViewController.swift */,
				5A28D0A61F193DA40067AD01 /* SettingsViewController.swift */,
			);
			name = "View Controllers";
			sourceTree = "<group>";
		};
		5A28D0AA1F193E850067AD01 /* Views */ = {
			isa = PBXGroup;
			children = (
				5A3AF6741F3F0FEC002524A4 /* Cells */,
				5A0621F71F327D41003FBE4A /* AnimatedSearchBar.swift */,
				5A9618571F3CE20500C6E805 /* ErrorMessage.swift */,
				5AB837BB1F324364009759C1 /* LoadingIndicator.swift */,
				5A0621FB1F34E07E003FBE4A /* NavigationBar.swift */,
				5A477E551F38D7A00006622A /* TabController.swift */,
			);
			name = Views;
			sourceTree = "<group>";
		};
		5A3AF6741F3F0FEC002524A4 /* Cells */ = {
			isa = PBXGroup;
			children = (
				5A28D0A81F193E800067AD01 /* NewsToggleCell.swift */,
				5A1F15591F1EDD9300583B67 /* FavoritedArticleCell.swift */,
				5A0EB9B61F2FDB41007F7B39 /* ViewedArticleCell.swift */,
			);
			name = Cells;
			sourceTree = "<group>";
		};
		5A54BF151F1E7B59000DACA1 /* Extensions */ = {
			isa = PBXGroup;
			children = (
			);
			name = Extensions;
			sourceTree = "<group>";
		};
		5AAF5CF91F19468400E96D65 /* Helpers */ = {
			isa = PBXGroup;
			children = (
				5AAF5CF71F19467E00E96D65 /* CoreDataHelper.swift */,
			);
			name = Helpers;
			sourceTree = "<group>";
		};
		5AE71B161F1AF4F600596CEE /* Services */ = {
			isa = PBXGroup;
			children = (
				5ACA6D271F26A2C600DCB2F1 /* ArticleService.swift */,
				5AE71B171F1AFF3E00596CEE /* NewsSourceService.swift */,
				5A48C1691F2147990056533B /* ReadabilityService.swift */,
				5A4F91C71F2A542D00AACB65 /* ImageService.swift */,
			);
			name = Services;
			sourceTree = "<group>";
		};
		D9977694F3F8DE362804204E /* Pods */ = {
			isa = PBXGroup;
			children = (
				FFEF31463D98C9B024105205 /* Pods-OneThreeFive.debug.xcconfig */,
				74FB3A5DE2CA9A5FDC0DBACF /* Pods-OneThreeFive.release.xcconfig */,
			);
			name = Pods;
			sourceTree = "<group>";
		};
/* End PBXGroup section */

/* Begin PBXNativeTarget section */
		5A28D0841F183D8C0067AD01 /* OneThreeFive */ = {
			isa = PBXNativeTarget;
			buildConfigurationList = 5A28D0971F183D8C0067AD01 /* Build configuration list for PBXNativeTarget "OneThreeFive" */;
			buildPhases = (
				00B4517414F27191463A00A0 /* [CP] Check Pods Manifest.lock */,
				5A28D0811F183D8C0067AD01 /* Sources */,
				5A28D0821F183D8C0067AD01 /* Frameworks */,
				5A28D0831F183D8C0067AD01 /* Resources */,
				4FB2D6FCA605B0195E24DD56 /* [CP] Embed Pods Frameworks */,
				10F2EBFD4BD1DF4FD07064F4 /* [CP] Copy Pods Resources */,
			);
			buildRules = (
			);
			dependencies = (
			);
			name = OneThreeFive;
			productName = OneThreeFive;
			productReference = 5A28D0851F183D8C0067AD01 /* OneThreeFive.app */;
			productType = "com.apple.product-type.application";
		};
/* End PBXNativeTarget section */

/* Begin PBXProject section */
		5A28D07D1F183D8C0067AD01 /* Project object */ = {
			isa = PBXProject;
			attributes = {
				LastSwiftUpdateCheck = 0830;
				LastUpgradeCheck = 0830;
				ORGANIZATIONNAME = "Christopher Aziz";
				TargetAttributes = {
					5A28D0841F183D8C0067AD01 = {
						CreatedOnToolsVersion = 8.3.3;
						DevelopmentTeam = M96W5MC8C2;
						ProvisioningStyle = Automatic;
					};
				};
			};
			buildConfigurationList = 5A28D0801F183D8C0067AD01 /* Build configuration list for PBXProject "OneThreeFive" */;
			compatibilityVersion = "Xcode 3.2";
			developmentRegion = English;
			hasScannedForEncodings = 0;
			knownRegions = (
				en,
				Base,
			);
			mainGroup = 5A28D07C1F183D8C0067AD01;
			productRefGroup = 5A28D0861F183D8C0067AD01 /* Products */;
			projectDirPath = "";
			projectRoot = "";
			targets = (
				5A28D0841F183D8C0067AD01 /* OneThreeFive */,
			);
		};
/* End PBXProject section */

/* Begin PBXResourcesBuildPhase section */
		5A28D0831F183D8C0067AD01 /* Resources */ = {
			isa = PBXResourcesBuildPhase;
			buildActionMask = 2147483647;
			files = (
				5A28D0931F183D8C0067AD01 /* LaunchScreen.storyboard in Resources */,
				5A28D0A31F192FD00067AD01 /* GoogleService-Info.plist in Resources */,
				5AC4670F1F1EB3C800A3F5A1 /* Assets.xcassets in Resources */,
				5A28D08E1F183D8C0067AD01 /* Main.storyboard in Resources */,
			);
			runOnlyForDeploymentPostprocessing = 0;
		};
/* End PBXResourcesBuildPhase section */

/* Begin PBXShellScriptBuildPhase section */
		00B4517414F27191463A00A0 /* [CP] Check Pods Manifest.lock */ = {
			isa = PBXShellScriptBuildPhase;
			buildActionMask = 2147483647;
			files = (
			);
			inputPaths = (
			);
			name = "[CP] Check Pods Manifest.lock";
			outputPaths = (
			);
			runOnlyForDeploymentPostprocessing = 0;
			shellPath = /bin/sh;
			shellScript = "diff \"${PODS_PODFILE_DIR_PATH}/Podfile.lock\" \"${PODS_ROOT}/Manifest.lock\" > /dev/null\nif [ $? != 0 ] ; then\n    # print error to STDERR\n    echo \"error: The sandbox is not in sync with the Podfile.lock. Run 'pod install' or update your CocoaPods installation.\" >&2\n    exit 1\nfi\n";
			showEnvVarsInLog = 0;
		};
		10F2EBFD4BD1DF4FD07064F4 /* [CP] Copy Pods Resources */ = {
			isa = PBXShellScriptBuildPhase;
			buildActionMask = 2147483647;
			files = (
			);
			inputPaths = (
			);
			name = "[CP] Copy Pods Resources";
			outputPaths = (
			);
			runOnlyForDeploymentPostprocessing = 0;
			shellPath = /bin/sh;
			shellScript = "\"${SRCROOT}/Pods/Target Support Files/Pods-OneThreeFive/Pods-OneThreeFive-resources.sh\"\n";
			showEnvVarsInLog = 0;
		};
		4FB2D6FCA605B0195E24DD56 /* [CP] Embed Pods Frameworks */ = {
			isa = PBXShellScriptBuildPhase;
			buildActionMask = 2147483647;
			files = (
			);
			inputPaths = (
			);
			name = "[CP] Embed Pods Frameworks";
			outputPaths = (
			);
			runOnlyForDeploymentPostprocessing = 0;
			shellPath = /bin/sh;
			shellScript = "\"${SRCROOT}/Pods/Target Support Files/Pods-OneThreeFive/Pods-OneThreeFive-frameworks.sh\"\n";
			showEnvVarsInLog = 0;
		};
/* End PBXShellScriptBuildPhase section */

/* Begin PBXSourcesBuildPhase section */
		5A28D0811F183D8C0067AD01 /* Sources */ = {
			isa = PBXSourcesBuildPhase;
			buildActionMask = 2147483647;
			files = (
				5A28D0A91F193E800067AD01 /* NewsToggleCell.swift in Sources */,
				5A9618581F3CE20500C6E805 /* ErrorMessage.swift in Sources */,
				5A28D0891F183D8C0067AD01 /* AppDelegate.swift in Sources */,
				5ACA6D281F26A2C600DCB2F1 /* ArticleService.swift in Sources */,
				5A1F155A1F1EDD9300583B67 /* FavoritedArticleCell.swift in Sources */,
				5AAF5CF81F19467E00E96D65 /* CoreDataHelper.swift in Sources */,
				5A477E561F38D7A00006622A /* TabController.swift in Sources */,
				5AB837BC1F324364009759C1 /* LoadingIndicator.swift in Sources */,
				5A28D09F1F183F0B0067AD01 /* ArticleViewController.swift in Sources */,
				5A28D09D1F183EFD0067AD01 /* MainViewController.swift in Sources */,
				5A0621F81F327D41003FBE4A /* AnimatedSearchBar.swift in Sources */,
				5AAF5CF61F19455500E96D65 /* OneThreeFive.xcdatamodeld in Sources */,
				5A28D0A71F193DA40067AD01 /* SettingsViewController.swift in Sources */,
				5A28D0A11F1927AE0067AD01 /* Constants.swift in Sources */,
				5A0EB9B71F2FDB41007F7B39 /* ViewedArticleCell.swift in Sources */,
				5A0EB9B51F2FD799007F7B39 /* ViewedViewController.swift in Sources */,
				5A3553191F1D1CE700B32850 /* FavoritesViewController.swift in Sources */,
				5A48C16A1F2147990056533B /* ReadabilityService.swift in Sources */,
				5AE71B181F1AFF3E00596CEE /* NewsSourceService.swift in Sources */,
				5A4F91C81F2A542D00AACB65 /* ImageService.swift in Sources */,
				5A0621FC1F34E07E003FBE4A /* NavigationBar.swift in Sources */,
			);
			runOnlyForDeploymentPostprocessing = 0;
		};
/* End PBXSourcesBuildPhase section */

/* Begin PBXVariantGroup section */
		5A28D08C1F183D8C0067AD01 /* Main.storyboard */ = {
			isa = PBXVariantGroup;
			children = (
				5A28D08D1F183D8C0067AD01 /* Base */,
			);
			name = Main.storyboard;
			sourceTree = "<group>";
		};
		5A28D0911F183D8C0067AD01 /* LaunchScreen.storyboard */ = {
			isa = PBXVariantGroup;
			children = (
				5A28D0921F183D8C0067AD01 /* Base */,
			);
			name = LaunchScreen.storyboard;
			sourceTree = "<group>";
		};
/* End PBXVariantGroup section */

/* Begin XCBuildConfiguration section */
		5A28D0951F183D8C0067AD01 /* Debug */ = {
			isa = XCBuildConfiguration;
			buildSettings = {
				ALWAYS_SEARCH_USER_PATHS = NO;
				CLANG_ANALYZER_NONNULL = YES;
				CLANG_ANALYZER_NUMBER_OBJECT_CONVERSION = YES_AGGRESSIVE;
				CLANG_CXX_LANGUAGE_STANDARD = "gnu++0x";
				CLANG_CXX_LIBRARY = "libc++";
				CLANG_ENABLE_MODULES = YES;
				CLANG_ENABLE_OBJC_ARC = YES;
				CLANG_WARN_BOOL_CONVERSION = YES;
				CLANG_WARN_CONSTANT_CONVERSION = YES;
				CLANG_WARN_DIRECT_OBJC_ISA_USAGE = YES_ERROR;
				CLANG_WARN_DOCUMENTATION_COMMENTS = YES;
				CLANG_WARN_EMPTY_BODY = YES;
				CLANG_WARN_ENUM_CONVERSION = YES;
				CLANG_WARN_INFINITE_RECURSION = YES;
				CLANG_WARN_INT_CONVERSION = YES;
				CLANG_WARN_OBJC_ROOT_CLASS = YES_ERROR;
				CLANG_WARN_SUSPICIOUS_MOVE = YES;
				CLANG_WARN_UNREACHABLE_CODE = YES;
				CLANG_WARN__DUPLICATE_METHOD_MATCH = YES;
				"CODE_SIGN_IDENTITY[sdk=iphoneos*]" = "iPhone Developer";
				COPY_PHASE_STRIP = NO;
				DEBUG_INFORMATION_FORMAT = dwarf;
				ENABLE_STRICT_OBJC_MSGSEND = YES;
				ENABLE_TESTABILITY = YES;
				GCC_C_LANGUAGE_STANDARD = gnu99;
				GCC_DYNAMIC_NO_PIC = NO;
				GCC_NO_COMMON_BLOCKS = YES;
				GCC_OPTIMIZATION_LEVEL = 0;
				GCC_PREPROCESSOR_DEFINITIONS = (
					"DEBUG=1",
					"$(inherited)",
				);
				GCC_WARN_64_TO_32_BIT_CONVERSION = YES;
				GCC_WARN_ABOUT_RETURN_TYPE = YES_ERROR;
				GCC_WARN_UNDECLARED_SELECTOR = YES;
				GCC_WARN_UNINITIALIZED_AUTOS = YES_AGGRESSIVE;
				GCC_WARN_UNUSED_FUNCTION = YES;
				GCC_WARN_UNUSED_VARIABLE = YES;
				IPHONEOS_DEPLOYMENT_TARGET = 10.3;
				MTL_ENABLE_DEBUG_INFO = YES;
				ONLY_ACTIVE_ARCH = YES;
				SDKROOT = iphoneos;
				SWIFT_ACTIVE_COMPILATION_CONDITIONS = DEBUG;
				SWIFT_OPTIMIZATION_LEVEL = "-Onone";
			};
			name = Debug;
		};
		5A28D0961F183D8C0067AD01 /* Release */ = {
			isa = XCBuildConfiguration;
			buildSettings = {
				ALWAYS_SEARCH_USER_PATHS = NO;
				CLANG_ANALYZER_NONNULL = YES;
				CLANG_ANALYZER_NUMBER_OBJECT_CONVERSION = YES_AGGRESSIVE;
				CLANG_CXX_LANGUAGE_STANDARD = "gnu++0x";
				CLANG_CXX_LIBRARY = "libc++";
				CLANG_ENABLE_MODULES = YES;
				CLANG_ENABLE_OBJC_ARC = YES;
				CLANG_WARN_BOOL_CONVERSION = YES;
				CLANG_WARN_CONSTANT_CONVERSION = YES;
				CLANG_WARN_DIRECT_OBJC_ISA_USAGE = YES_ERROR;
				CLANG_WARN_DOCUMENTATION_COMMENTS = YES;
				CLANG_WARN_EMPTY_BODY = YES;
				CLANG_WARN_ENUM_CONVERSION = YES;
				CLANG_WARN_INFINITE_RECURSION = YES;
				CLANG_WARN_INT_CONVERSION = YES;
				CLANG_WARN_OBJC_ROOT_CLASS = YES_ERROR;
				CLANG_WARN_SUSPICIOUS_MOVE = YES;
				CLANG_WARN_UNREACHABLE_CODE = YES;
				CLANG_WARN__DUPLICATE_METHOD_MATCH = YES;
				"CODE_SIGN_IDENTITY[sdk=iphoneos*]" = "iPhone Developer";
				COPY_PHASE_STRIP = NO;
				DEBUG_INFORMATION_FORMAT = "dwarf-with-dsym";
				ENABLE_NS_ASSERTIONS = NO;
				ENABLE_STRICT_OBJC_MSGSEND = YES;
				GCC_C_LANGUAGE_STANDARD = gnu99;
				GCC_NO_COMMON_BLOCKS = YES;
				GCC_WARN_64_TO_32_BIT_CONVERSION = YES;
				GCC_WARN_ABOUT_RETURN_TYPE = YES_ERROR;
				GCC_WARN_UNDECLARED_SELECTOR = YES;
				GCC_WARN_UNINITIALIZED_AUTOS = YES_AGGRESSIVE;
				GCC_WARN_UNUSED_FUNCTION = YES;
				GCC_WARN_UNUSED_VARIABLE = YES;
				IPHONEOS_DEPLOYMENT_TARGET = 10.3;
				MTL_ENABLE_DEBUG_INFO = NO;
				SDKROOT = iphoneos;
				SWIFT_OPTIMIZATION_LEVEL = "-Owholemodule";
				VALIDATE_PRODUCT = YES;
			};
			name = Release;
		};
		5A28D0981F183D8C0067AD01 /* Debug */ = {
			isa = XCBuildConfiguration;
			baseConfigurationReference = FFEF31463D98C9B024105205 /* Pods-OneThreeFive.debug.xcconfig */;
			buildSettings = {
				ASSETCATALOG_COMPILER_APPICON_NAME = AppIcon;
				DEVELOPMENT_TEAM = M96W5MC8C2;
				INFOPLIST_FILE = OneThreeFive/Info.plist;
				LD_RUNPATH_SEARCH_PATHS = "$(inherited) @executable_path/Frameworks";
				PRODUCT_BUNDLE_IDENTIFIER = me.caziz.OneThreeFive;
				PRODUCT_NAME = "$(TARGET_NAME)";
				SWIFT_VERSION = 3.0;
			};
			name = Debug;
		};
		5A28D0991F183D8C0067AD01 /* Release */ = {
			isa = XCBuildConfiguration;
			baseConfigurationReference = 74FB3A5DE2CA9A5FDC0DBACF /* Pods-OneThreeFive.release.xcconfig */;
			buildSettings = {
				ASSETCATALOG_COMPILER_APPICON_NAME = AppIcon;
				DEVELOPMENT_TEAM = M96W5MC8C2;
				INFOPLIST_FILE = OneThreeFive/Info.plist;
				LD_RUNPATH_SEARCH_PATHS = "$(inherited) @executable_path/Frameworks";
				PRODUCT_BUNDLE_IDENTIFIER = me.caziz.OneThreeFive;
				PRODUCT_NAME = "$(TARGET_NAME)";
				SWIFT_VERSION = 3.0;
			};
			name = Release;
		};
/* End XCBuildConfiguration section */

/* Begin XCConfigurationList section */
		5A28D0801F183D8C0067AD01 /* Build configuration list for PBXProject "OneThreeFive" */ = {
			isa = XCConfigurationList;
			buildConfigurations = (
				5A28D0951F183D8C0067AD01 /* Debug */,
				5A28D0961F183D8C0067AD01 /* Release */,
			);
			defaultConfigurationIsVisible = 0;
			defaultConfigurationName = Release;
		};
		5A28D0971F183D8C0067AD01 /* Build configuration list for PBXNativeTarget "OneThreeFive" */ = {
			isa = XCConfigurationList;
			buildConfigurations = (
				5A28D0981F183D8C0067AD01 /* Debug */,
				5A28D0991F183D8C0067AD01 /* Release */,
			);
			defaultConfigurationIsVisible = 0;
			defaultConfigurationName = Release;
		};
/* End XCConfigurationList section */

/* Begin XCVersionGroup section */
		5AAF5CF41F19455500E96D65 /* OneThreeFive.xcdatamodeld */ = {
			isa = XCVersionGroup;
			children = (
				5AAF5CF51F19455500E96D65 /* OneThreeFive.xcdatamodel */,
			);
			currentVersion = 5AAF5CF51F19455500E96D65 /* OneThreeFive.xcdatamodel */;
			path = OneThreeFive.xcdatamodeld;
			sourceTree = "<group>";
			versionGroupType = wrapper.xcdatamodel;
		};
/* End XCVersionGroup section */
	};
	rootObject = 5A28D07D1F183D8C0067AD01 /* Project object */;
}
